{
  "name": "newrepo",
  "version": "1.0.0",
  "lockfileVersion": 2,
  "requires": true,
  "packages": {
    "": {
      "name": "newrepo",
      "version": "1.0.0",
      "license": "ISC",
      "dependencies": {
        "@yuriygl86/ajs": "^1.0.0"
      }
    },
    "node_modules/@yuriygl86/ajs": {
      "version": "1.0.0",
      "resolved": "https://npm.pkg.github.com/download/@yuriygl86/ajs/1.0.0/2fb6dd9a50f7c6c02aeaf210f2e39577377fac29",
      "integrity": "sha512-vulAXeRr4QsKAK29kMfhSsgJ7z9EJU+G4XmtXeAsZzIFz0nEBAawCdBp+AwxU3OMIKsIlkMhTNrRy6Q2LnSxmA==",
      "license": "ISC"
    }
  },
  "dependencies": {
    "@yuriygl86/ajs": {
      "version": "1.0.0",
      "resolved": "https://npm.pkg.github.com/download/@yuriygl86/ajs/1.0.0/2fb6dd9a50f7c6c02aeaf210f2e39577377fac29",
      "integrity": "sha512-vulAXeRr4QsKAK29kMfhSsgJ7z9EJU+G4XmtXeAsZzIFz0nEBAawCdBp+AwxU3OMIKsIlkMhTNrRy6Q2LnSxmA=="
    }
  }
}
